// !$*UTF8*$!
{
	archiveVersion = 1;
	classes = {
	};
	objectVersion = 46;
	objects = {

/* Begin PBXBuildFile section */
		272AE2BC15AA60DB00F7A4DB /* FilterViewController.m in Sources */ = {isa = PBXBuildFile; fileRef = 272AE2BB15AA60DB00F7A4DB /* FilterViewController.m */; };
		272AE2C015AA687500F7A4DB /* SelectAttributesViewController.m in Sources */ = {isa = PBXBuildFile; fileRef = 272AE2BF15AA687500F7A4DB /* SelectAttributesViewController.m */; };
		273D0BDD152FB419009D054A /* UIKit.framework in Frameworks */ = {isa = PBXBuildFile; fileRef = 273D0BDC152FB419009D054A /* UIKit.framework */; };
		273D0BDF152FB419009D054A /* Foundation.framework in Frameworks */ = {isa = PBXBuildFile; fileRef = 273D0BDE152FB419009D054A /* Foundation.framework */; };
		273D0BE1152FB419009D054A /* CoreGraphics.framework in Frameworks */ = {isa = PBXBuildFile; fileRef = 273D0BE0152FB419009D054A /* CoreGraphics.framework */; };
		273D0BE3152FB419009D054A /* CoreData.framework in Frameworks */ = {isa = PBXBuildFile; fileRef = 273D0BE2152FB419009D054A /* CoreData.framework */; };
		273D0BE9152FB419009D054A /* InfoPlist.strings in Resources */ = {isa = PBXBuildFile; fileRef = 273D0BE7152FB419009D054A /* InfoPlist.strings */; };
		273D0BEB152FB419009D054A /* main.m in Sources */ = {isa = PBXBuildFile; fileRef = 273D0BEA152FB419009D054A /* main.m */; };
		273D0BEF152FB419009D054A /* AppDelegate.m in Sources */ = {isa = PBXBuildFile; fileRef = 273D0BEE152FB419009D054A /* AppDelegate.m */; };
		273D0BF2152FB419009D054A /* MainStoryboard.storyboard in Resources */ = {isa = PBXBuildFile; fileRef = 273D0BF0152FB419009D054A /* MainStoryboard.storyboard */; };
		273D0BF5152FB419009D054A /* ProAngler.xcdatamodeld in Sources */ = {isa = PBXBuildFile; fileRef = 273D0BF3152FB419009D054A /* ProAngler.xcdatamodeld */; };
		273D0C3A1530D6BC009D054A /* AlbumViewController.m in Sources */ = {isa = PBXBuildFile; fileRef = 273D0C391530D6BC009D054A /* AlbumViewController.m */; };
		2756DC2115350BC8000FB98A /* NewCatchViewController.m in Sources */ = {isa = PBXBuildFile; fileRef = 2756DC2015350BC8000FB98A /* NewCatchViewController.m */; };
		276B6F141592770200F84728 /* green.jpg in Resources */ = {isa = PBXBuildFile; fileRef = 276B6F131592770200F84728 /* green.jpg */; };
		276B6F1A15928CDD00F84728 /* CoreLocation.framework in Frameworks */ = {isa = PBXBuildFile; fileRef = 276B6F1915928CDC00F84728 /* CoreLocation.framework */; };
		276B6F28159954C800F84728 /* wood_wall_texture.jpg in Resources */ = {isa = PBXBuildFile; fileRef = 276B6F27159954C800F84728 /* wood_wall_texture.jpg */; };
		276B6F2A159954CD00F84728 /* wood_wall_texture@2x.jpg in Resources */ = {isa = PBXBuildFile; fileRef = 276B6F29159954CD00F84728 /* wood_wall_texture@2x.jpg */; };
		276B6F2D1599559000F84728 /* WallOfFameViewController.m in Sources */ = {isa = PBXBuildFile; fileRef = 276B6F2C1599558D00F84728 /* WallOfFameViewController.m */; };
		276B6F3E159BA70200F84728 /* AlbumPageViewController.m in Sources */ = {isa = PBXBuildFile; fileRef = 276B6F3D159BA70100F84728 /* AlbumPageViewController.m */; };
		276B6F41159C28B600F84728 /* AlbumDetailViewController.m in Sources */ = {isa = PBXBuildFile; fileRef = 276B6F40159C28B500F84728 /* AlbumDetailViewController.m */; };
		279C520715A007CE00FAF2E9 /* QuartzCore.framework in Frameworks */ = {isa = PBXBuildFile; fileRef = 279C520615A007CE00FAF2E9 /* QuartzCore.framework */; };
		279C520915A1106E00FAF2E9 /* wood_texture.png in Resources */ = {isa = PBXBuildFile; fileRef = 279C520815A1106E00FAF2E9 /* wood_texture.png */; };
		279C520F15A2CEF700FAF2E9 /* AddAttributeViewController.m in Sources */ = {isa = PBXBuildFile; fileRef = 279C520E15A2CEF700FAF2E9 /* AddAttributeViewController.m */; };
		279E6A661539368000D72111 /* AlbumSettingsViewController.m in Sources */ = {isa = PBXBuildFile; fileRef = 279E6A651539368000D72111 /* AlbumSettingsViewController.m */; };
		4C11AEBC15FBD6840088D55F /* AnalysisPagedViewController.m in Sources */ = {isa = PBXBuildFile; fileRef = 4C11AEBB15FBD6840088D55F /* AnalysisPagedViewController.m */; };
		4C11AEC515FC062B0088D55F /* PageTwoStatsViewController.m in Sources */ = {isa = PBXBuildFile; fileRef = 4C11AEC315FC062B0088D55F /* PageTwoStatsViewController.m */; };
		4C11AEC615FC062B0088D55F /* PageTwoStatsViewController.xib in Resources */ = {isa = PBXBuildFile; fileRef = 4C11AEC415FC062B0088D55F /* PageTwoStatsViewController.xib */; };
		4C11AED615FD54940088D55F /* Venue.m in Sources */ = {isa = PBXBuildFile; fileRef = 4C11AED515FD54940088D55F /* Venue.m */; };
		4C11AEDC15FD6B2D0088D55F /* PageOneMapViewController.m in Sources */ = {isa = PBXBuildFile; fileRef = 4C11AEDA15FD6B2D0088D55F /* PageOneMapViewController.m */; };
		4C11AEDD15FD6B2D0088D55F /* PageOneMapViewController.xib in Resources */ = {isa = PBXBuildFile; fileRef = 4C11AEDB15FD6B2D0088D55F /* PageOneMapViewController.xib */; };
		4C11AEE315FDA14A0088D55F /* Species.m in Sources */ = {isa = PBXBuildFile; fileRef = 4C11AEE215FDA14A0088D55F /* Species.m */; };
		4C11AEE515FDCBAA0088D55F /* NureenHouseStock_0016.JPG in Resources */ = {isa = PBXBuildFile; fileRef = 4C11AEE415FDCBAA0088D55F /* NureenHouseStock_0016.JPG */; };
		4C11AEE715FDCBB60088D55F /* NureenHouseStock_0017.JPG in Resources */ = {isa = PBXBuildFile; fileRef = 4C11AEE615FDCBB60088D55F /* NureenHouseStock_0017.JPG */; };
		4C11AEE915FE9E8D0088D55F /* MessageUI.framework in Frameworks */ = {isa = PBXBuildFile; fileRef = 4C11AEE815FE9E8D0088D55F /* MessageUI.framework */; };
		4C11AEEB15FE9ED80088D55F /* Twitter.framework in Frameworks */ = {isa = PBXBuildFile; fileRef = 4C11AEEA15FE9ED80088D55F /* Twitter.framework */; };
		4C11AEEE15FEC53E0088D55F /* Photo.m in Sources */ = {isa = PBXBuildFile; fileRef = 4C11AEED15FEC53E0088D55F /* Photo.m */; };
		4C11AEFD160003130088D55F /* PictureView.m in Sources */ = {isa = PBXBuildFile; fileRef = 4C11AEFC160003130088D55F /* PictureView.m */; };
		4C11AF0D16004B0E0088D55F /* dark_wood@2x.jpg in Resources */ = {isa = PBXBuildFile; fileRef = 4C11AF0C16004B0E0088D55F /* dark_wood@2x.jpg */; };
		4C11AF0F1600726D0088D55F /* twitter-bird-white-on-blue.png in Resources */ = {isa = PBXBuildFile; fileRef = 4C11AF0E1600726C0088D55F /* twitter-bird-white-on-blue.png */; };
		4C11AF1116007A4F0088D55F /* light_wood_tab_bar@2x.jpg in Resources */ = {isa = PBXBuildFile; fileRef = 4C11AF1016007A4F0088D55F /* light_wood_tab_bar@2x.jpg */; };
		4C11AF15160102D60088D55F /* light_wood_nav_bar@2x.jpg in Resources */ = {isa = PBXBuildFile; fileRef = 4C11AF14160102D50088D55F /* light_wood_nav_bar@2x.jpg */; };
		4C11AF1816014E080088D55F /* FullSizeImageViewController.m in Sources */ = {isa = PBXBuildFile; fileRef = 4C11AF1716014E080088D55F /* FullSizeImageViewController.m */; };
		4C47C64315F5B7A50061621E /* Catch.m in Sources */ = {isa = PBXBuildFile; fileRef = 4C47C64215F5B7A50061621E /* Catch.m */; };
		4C47C64615F5B9D00061621E /* Bait.m in Sources */ = {isa = PBXBuildFile; fileRef = 4C47C64515F5B9D00061621E /* Bait.m */; };
		4C47C64F15F5B9E70061621E /* Structure.m in Sources */ = {isa = PBXBuildFile; fileRef = 4C47C64E15F5B9E70061621E /* Structure.m */; };
		4C6602F615FB36CA007F81E1 /* CatchPointAnnotation.m in Sources */ = {isa = PBXBuildFile; fileRef = 4C6602F515FB36CA007F81E1 /* CatchPointAnnotation.m */; };
		4C69949815B353D400289161 /* MapKit.framework in Frameworks */ = {isa = PBXBuildFile; fileRef = 4C69949715B353D400289161 /* MapKit.framework */; };
		4C9B33A31605253300E2901D /* EditModeDetailViewController.m in Sources */ = {isa = PBXBuildFile; fileRef = 4C9B33A11605253300E2901D /* EditModeDetailViewController.m */; };
		4C9B33A41605253300E2901D /* EditModeDetailViewController.xib in Resources */ = {isa = PBXBuildFile; fileRef = 4C9B33A21605253300E2901D /* EditModeDetailViewController.xib */; };
		4CA2727715F4082700EFD55F /* ProAnglerDataStore.m in Sources */ = {isa = PBXBuildFile; fileRef = 4CA2727615F4082700EFD55F /* ProAnglerDataStore.m */; };
		4CA939BF15D30248008F1A13 /* nav_bar_water_droplets@2x.png in Resources */ = {isa = PBXBuildFile; fileRef = 4CA939BE15D30248008F1A13 /* nav_bar_water_droplets@2x.png */; };
		4CA939C615D392AD008F1A13 /* page_texture@2x.png in Resources */ = {isa = PBXBuildFile; fileRef = 4CA939C515D392AD008F1A13 /* page_texture@2x.png */; };
		4CA939C815D39C21008F1A13 /* graph_paper@2x.png in Resources */ = {isa = PBXBuildFile; fileRef = 4CA939C715D39C21008F1A13 /* graph_paper@2x.png */; };
		4CA939CA15D39FF6008F1A13 /* wood_beam@2x.png in Resources */ = {isa = PBXBuildFile; fileRef = 4CA939C915D39FF6008F1A13 /* wood_beam@2x.png */; };
		4CF342E1160166D0009D22B6 /* FullSizeImagePageViewController.m in Sources */ = {isa = PBXBuildFile; fileRef = 4CF342E0160166D0009D22B6 /* FullSizeImagePageViewController.m */; };
		4CF342EB160294B5009D22B6 /* MobileCoreServices.framework in Frameworks */ = {isa = PBXBuildFile; fileRef = 4CF342EA160294B5009D22B6 /* MobileCoreServices.framework */; };
		4CF342ED1602B5BB009D22B6 /* dark_wood_no_gradient@2x.jpg in Resources */ = {isa = PBXBuildFile; fileRef = 4CF342EC1602B5BB009D22B6 /* dark_wood_no_gradient@2x.jpg */; };
		4CF342F41603E608009D22B6 /* CatchCell.m in Sources */ = {isa = PBXBuildFile; fileRef = 4CF342F31603E608009D22B6 /* CatchCell.m */; };
		7F5225B40DB64F3F9D31B0F4 /* libPods.a in Frameworks */ = {isa = PBXBuildFile; fileRef = 972A7ACA77B54C0F9E03D218 /* libPods.a */; };
/* End PBXBuildFile section */

/* Begin PBXFileReference section */
		272AE2BA15AA60DB00F7A4DB /* FilterViewController.h */ = {isa = PBXFileReference; fileEncoding = 4; lastKnownFileType = sourcecode.c.h; path = FilterViewController.h; sourceTree = "<group>"; };
		272AE2BB15AA60DB00F7A4DB /* FilterViewController.m */ = {isa = PBXFileReference; fileEncoding = 4; lastKnownFileType = sourcecode.c.objc; path = FilterViewController.m; sourceTree = "<group>"; };
		272AE2BE15AA687500F7A4DB /* SelectAttributesViewController.h */ = {isa = PBXFileReference; fileEncoding = 4; lastKnownFileType = sourcecode.c.h; path = SelectAttributesViewController.h; sourceTree = "<group>"; };
		272AE2BF15AA687500F7A4DB /* SelectAttributesViewController.m */ = {isa = PBXFileReference; fileEncoding = 4; lastKnownFileType = sourcecode.c.objc; path = SelectAttributesViewController.m; sourceTree = "<group>"; };
		273D0BD8152FB419009D054A /* ProAngler.app */ = {isa = PBXFileReference; explicitFileType = wrapper.application; includeInIndex = 0; path = ProAngler.app; sourceTree = BUILT_PRODUCTS_DIR; };
		273D0BDC152FB419009D054A /* UIKit.framework */ = {isa = PBXFileReference; includeInIndex = 1; lastKnownFileType = wrapper.framework; name = UIKit.framework; path = System/Library/Frameworks/UIKit.framework; sourceTree = SDKROOT; };
		273D0BDE152FB419009D054A /* Foundation.framework */ = {isa = PBXFileReference; includeInIndex = 1; lastKnownFileType = wrapper.framework; name = Foundation.framework; path = System/Library/Frameworks/Foundation.framework; sourceTree = SDKROOT; };
		273D0BE0152FB419009D054A /* CoreGraphics.framework */ = {isa = PBXFileReference; includeInIndex = 1; lastKnownFileType = wrapper.framework; name = CoreGraphics.framework; path = System/Library/Frameworks/CoreGraphics.framework; sourceTree = SDKROOT; };
		273D0BE2152FB419009D054A /* CoreData.framework */ = {isa = PBXFileReference; includeInIndex = 1; lastKnownFileType = wrapper.framework; name = CoreData.framework; path = System/Library/Frameworks/CoreData.framework; sourceTree = SDKROOT; };
		273D0BE6152FB419009D054A /* ProAngler-Info.plist */ = {isa = PBXFileReference; lastKnownFileType = text.plist.xml; path = "ProAngler-Info.plist"; sourceTree = "<group>"; };
		273D0BE8152FB419009D054A /* en */ = {isa = PBXFileReference; lastKnownFileType = text.plist.strings; name = en; path = en.lproj/InfoPlist.strings; sourceTree = "<group>"; };
		273D0BEA152FB419009D054A /* main.m */ = {isa = PBXFileReference; lastKnownFileType = sourcecode.c.objc; path = main.m; sourceTree = "<group>"; };
		273D0BEC152FB419009D054A /* ProAngler-Prefix.pch */ = {isa = PBXFileReference; lastKnownFileType = sourcecode.c.h; path = "ProAngler-Prefix.pch"; sourceTree = "<group>"; };
		273D0BED152FB419009D054A /* AppDelegate.h */ = {isa = PBXFileReference; lastKnownFileType = sourcecode.c.h; path = AppDelegate.h; sourceTree = "<group>"; };
		273D0BEE152FB419009D054A /* AppDelegate.m */ = {isa = PBXFileReference; lastKnownFileType = sourcecode.c.objc; path = AppDelegate.m; sourceTree = "<group>"; };
		273D0BF1152FB419009D054A /* en */ = {isa = PBXFileReference; lastKnownFileType = file.storyboard; name = en; path = en.lproj/MainStoryboard.storyboard; sourceTree = "<group>"; };
		273D0BF4152FB419009D054A /* ProAngler.xcdatamodel */ = {isa = PBXFileReference; lastKnownFileType = wrapper.xcdatamodel; path = ProAngler.xcdatamodel; sourceTree = "<group>"; };
		273D0C381530D6BC009D054A /* AlbumViewController.h */ = {isa = PBXFileReference; fileEncoding = 4; lastKnownFileType = sourcecode.c.h; path = AlbumViewController.h; sourceTree = "<group>"; };
		273D0C391530D6BC009D054A /* AlbumViewController.m */ = {isa = PBXFileReference; fileEncoding = 4; lastKnownFileType = sourcecode.c.objc; path = AlbumViewController.m; sourceTree = "<group>"; };
		2756DC1F15350BC8000FB98A /* NewCatchViewController.h */ = {isa = PBXFileReference; fileEncoding = 4; lastKnownFileType = sourcecode.c.h; path = NewCatchViewController.h; sourceTree = "<group>"; };
		2756DC2015350BC8000FB98A /* NewCatchViewController.m */ = {isa = PBXFileReference; fileEncoding = 4; lastKnownFileType = sourcecode.c.objc; path = NewCatchViewController.m; sourceTree = "<group>"; };
		276B6F131592770200F84728 /* green.jpg */ = {isa = PBXFileReference; lastKnownFileType = image.jpeg; name = green.jpg; path = ../../green.jpg; sourceTree = "<group>"; };
		276B6F1915928CDC00F84728 /* CoreLocation.framework */ = {isa = PBXFileReference; includeInIndex = 1; lastKnownFileType = wrapper.framework; name = CoreLocation.framework; path = System/Library/Frameworks/CoreLocation.framework; sourceTree = SDKROOT; };
		276B6F27159954C800F84728 /* wood_wall_texture.jpg */ = {isa = PBXFileReference; lastKnownFileType = image.jpeg; path = wood_wall_texture.jpg; sourceTree = "<group>"; };
		276B6F29159954CD00F84728 /* wood_wall_texture@2x.jpg */ = {isa = PBXFileReference; lastKnownFileType = image.jpeg; path = "wood_wall_texture@2x.jpg"; sourceTree = "<group>"; };
		276B6F2B1599558D00F84728 /* WallOfFameViewController.h */ = {isa = PBXFileReference; fileEncoding = 4; lastKnownFileType = sourcecode.c.h; path = WallOfFameViewController.h; sourceTree = "<group>"; };
		276B6F2C1599558D00F84728 /* WallOfFameViewController.m */ = {isa = PBXFileReference; fileEncoding = 4; lastKnownFileType = sourcecode.c.objc; path = WallOfFameViewController.m; sourceTree = "<group>"; };
		276B6F3C159BA70100F84728 /* AlbumPageViewController.h */ = {isa = PBXFileReference; fileEncoding = 4; lastKnownFileType = sourcecode.c.h; path = AlbumPageViewController.h; sourceTree = "<group>"; };
		276B6F3D159BA70100F84728 /* AlbumPageViewController.m */ = {isa = PBXFileReference; fileEncoding = 4; lastKnownFileType = sourcecode.c.objc; path = AlbumPageViewController.m; sourceTree = "<group>"; };
		276B6F3F159C28B500F84728 /* AlbumDetailViewController.h */ = {isa = PBXFileReference; fileEncoding = 4; lastKnownFileType = sourcecode.c.h; path = AlbumDetailViewController.h; sourceTree = "<group>"; };
		276B6F40159C28B500F84728 /* AlbumDetailViewController.m */ = {isa = PBXFileReference; fileEncoding = 4; lastKnownFileType = sourcecode.c.objc; path = AlbumDetailViewController.m; sourceTree = "<group>"; };
		279C520615A007CE00FAF2E9 /* QuartzCore.framework */ = {isa = PBXFileReference; includeInIndex = 1; lastKnownFileType = wrapper.framework; name = QuartzCore.framework; path = System/Library/Frameworks/QuartzCore.framework; sourceTree = SDKROOT; };
		279C520815A1106E00FAF2E9 /* wood_texture.png */ = {isa = PBXFileReference; lastKnownFileType = image.png; path = wood_texture.png; sourceTree = "<group>"; };
		279C520D15A2CEF600FAF2E9 /* AddAttributeViewController.h */ = {isa = PBXFileReference; fileEncoding = 4; lastKnownFileType = sourcecode.c.h; path = AddAttributeViewController.h; sourceTree = "<group>"; };
		279C520E15A2CEF700FAF2E9 /* AddAttributeViewController.m */ = {isa = PBXFileReference; fileEncoding = 4; lastKnownFileType = sourcecode.c.objc; path = AddAttributeViewController.m; sourceTree = "<group>"; };
		279E6A641539368000D72111 /* AlbumSettingsViewController.h */ = {isa = PBXFileReference; fileEncoding = 4; lastKnownFileType = sourcecode.c.h; path = AlbumSettingsViewController.h; sourceTree = "<group>"; };
		279E6A651539368000D72111 /* AlbumSettingsViewController.m */ = {isa = PBXFileReference; fileEncoding = 4; lastKnownFileType = sourcecode.c.objc; path = AlbumSettingsViewController.m; sourceTree = "<group>"; };
		4C11AEBA15FBD6840088D55F /* AnalysisPagedViewController.h */ = {isa = PBXFileReference; fileEncoding = 4; lastKnownFileType = sourcecode.c.h; path = AnalysisPagedViewController.h; sourceTree = "<group>"; };
		4C11AEBB15FBD6840088D55F /* AnalysisPagedViewController.m */ = {isa = PBXFileReference; fileEncoding = 4; lastKnownFileType = sourcecode.c.objc; path = AnalysisPagedViewController.m; sourceTree = "<group>"; };
		4C11AEC215FC062B0088D55F /* PageTwoStatsViewController.h */ = {isa = PBXFileReference; fileEncoding = 4; lastKnownFileType = sourcecode.c.h; path = PageTwoStatsViewController.h; sourceTree = "<group>"; };
		4C11AEC315FC062B0088D55F /* PageTwoStatsViewController.m */ = {isa = PBXFileReference; fileEncoding = 4; lastKnownFileType = sourcecode.c.objc; path = PageTwoStatsViewController.m; sourceTree = "<group>"; };
		4C11AEC415FC062B0088D55F /* PageTwoStatsViewController.xib */ = {isa = PBXFileReference; fileEncoding = 4; lastKnownFileType = file.xib; path = PageTwoStatsViewController.xib; sourceTree = "<group>"; };
		4C11AED415FD54940088D55F /* Venue.h */ = {isa = PBXFileReference; fileEncoding = 4; lastKnownFileType = sourcecode.c.h; path = Venue.h; sourceTree = "<group>"; };
		4C11AED515FD54940088D55F /* Venue.m */ = {isa = PBXFileReference; fileEncoding = 4; lastKnownFileType = sourcecode.c.objc; path = Venue.m; sourceTree = "<group>"; };
		4C11AED915FD6B2D0088D55F /* PageOneMapViewController.h */ = {isa = PBXFileReference; fileEncoding = 4; lastKnownFileType = sourcecode.c.h; path = PageOneMapViewController.h; sourceTree = "<group>"; };
		4C11AEDA15FD6B2D0088D55F /* PageOneMapViewController.m */ = {isa = PBXFileReference; fileEncoding = 4; lastKnownFileType = sourcecode.c.objc; path = PageOneMapViewController.m; sourceTree = "<group>"; };
		4C11AEDB15FD6B2D0088D55F /* PageOneMapViewController.xib */ = {isa = PBXFileReference; fileEncoding = 4; lastKnownFileType = file.xib; path = PageOneMapViewController.xib; sourceTree = "<group>"; };
		4C11AEE115FDA14A0088D55F /* Species.h */ = {isa = PBXFileReference; fileEncoding = 4; lastKnownFileType = sourcecode.c.h; path = Species.h; sourceTree = "<group>"; };
		4C11AEE215FDA14A0088D55F /* Species.m */ = {isa = PBXFileReference; fileEncoding = 4; lastKnownFileType = sourcecode.c.objc; path = Species.m; sourceTree = "<group>"; };
		4C11AEE415FDCBAA0088D55F /* NureenHouseStock_0016.JPG */ = {isa = PBXFileReference; lastKnownFileType = image.jpeg; path = NureenHouseStock_0016.JPG; sourceTree = "<group>"; };
		4C11AEE615FDCBB60088D55F /* NureenHouseStock_0017.JPG */ = {isa = PBXFileReference; lastKnownFileType = image.jpeg; path = NureenHouseStock_0017.JPG; sourceTree = "<group>"; };
		4C11AEE815FE9E8D0088D55F /* MessageUI.framework */ = {isa = PBXFileReference; lastKnownFileType = wrapper.framework; name = MessageUI.framework; path = System/Library/Frameworks/MessageUI.framework; sourceTree = SDKROOT; };
		4C11AEEA15FE9ED80088D55F /* Twitter.framework */ = {isa = PBXFileReference; lastKnownFileType = wrapper.framework; name = Twitter.framework; path = System/Library/Frameworks/Twitter.framework; sourceTree = SDKROOT; };
		4C11AEEC15FEC53E0088D55F /* Photo.h */ = {isa = PBXFileReference; fileEncoding = 4; lastKnownFileType = sourcecode.c.h; path = Photo.h; sourceTree = "<group>"; };
		4C11AEED15FEC53E0088D55F /* Photo.m */ = {isa = PBXFileReference; fileEncoding = 4; lastKnownFileType = sourcecode.c.objc; path = Photo.m; sourceTree = "<group>"; };
		4C11AEFB160003130088D55F /* PictureView.h */ = {isa = PBXFileReference; fileEncoding = 4; lastKnownFileType = sourcecode.c.h; path = PictureView.h; sourceTree = "<group>"; };
		4C11AEFC160003130088D55F /* PictureView.m */ = {isa = PBXFileReference; fileEncoding = 4; lastKnownFileType = sourcecode.c.objc; path = PictureView.m; sourceTree = "<group>"; };
		4C11AF0C16004B0E0088D55F /* dark_wood@2x.jpg */ = {isa = PBXFileReference; lastKnownFileType = image.jpeg; path = "dark_wood@2x.jpg"; sourceTree = "<group>"; };
		4C11AF0E1600726C0088D55F /* twitter-bird-white-on-blue.png */ = {isa = PBXFileReference; lastKnownFileType = image.png; path = "twitter-bird-white-on-blue.png"; sourceTree = "<group>"; };
		4C11AF1016007A4F0088D55F /* light_wood_tab_bar@2x.jpg */ = {isa = PBXFileReference; lastKnownFileType = image.jpeg; path = "light_wood_tab_bar@2x.jpg"; sourceTree = "<group>"; };
		4C11AF14160102D50088D55F /* light_wood_nav_bar@2x.jpg */ = {isa = PBXFileReference; lastKnownFileType = image.jpeg; path = "light_wood_nav_bar@2x.jpg"; sourceTree = "<group>"; };
		4C11AF1616014E070088D55F /* FullSizeImageViewController.h */ = {isa = PBXFileReference; fileEncoding = 4; lastKnownFileType = sourcecode.c.h; path = FullSizeImageViewController.h; sourceTree = "<group>"; };
		4C11AF1716014E080088D55F /* FullSizeImageViewController.m */ = {isa = PBXFileReference; fileEncoding = 4; lastKnownFileType = sourcecode.c.objc; path = FullSizeImageViewController.m; sourceTree = "<group>"; };
		4C47C64115F5B7A50061621E /* Catch.h */ = {isa = PBXFileReference; fileEncoding = 4; lastKnownFileType = sourcecode.c.h; name = Catch.h; path = ../Catch.h; sourceTree = "<group>"; };
		4C47C64215F5B7A50061621E /* Catch.m */ = {isa = PBXFileReference; fileEncoding = 4; lastKnownFileType = sourcecode.c.objc; name = Catch.m; path = ../Catch.m; sourceTree = "<group>"; };
		4C47C64415F5B9D00061621E /* Bait.h */ = {isa = PBXFileReference; fileEncoding = 4; lastKnownFileType = sourcecode.c.h; path = Bait.h; sourceTree = "<group>"; };
		4C47C64515F5B9D00061621E /* Bait.m */ = {isa = PBXFileReference; fileEncoding = 4; lastKnownFileType = sourcecode.c.objc; path = Bait.m; sourceTree = "<group>"; };
		4C47C64D15F5B9E70061621E /* Structure.h */ = {isa = PBXFileReference; fileEncoding = 4; lastKnownFileType = sourcecode.c.h; name = Structure.h; path = ../Structure.h; sourceTree = "<group>"; };
		4C47C64E15F5B9E70061621E /* Structure.m */ = {isa = PBXFileReference; fileEncoding = 4; lastKnownFileType = sourcecode.c.objc; name = Structure.m; path = ../Structure.m; sourceTree = "<group>"; };
		4C6602F415FB36C9007F81E1 /* CatchPointAnnotation.h */ = {isa = PBXFileReference; fileEncoding = 4; lastKnownFileType = sourcecode.c.h; path = CatchPointAnnotation.h; sourceTree = "<group>"; };
		4C6602F515FB36CA007F81E1 /* CatchPointAnnotation.m */ = {isa = PBXFileReference; fileEncoding = 4; lastKnownFileType = sourcecode.c.objc; path = CatchPointAnnotation.m; sourceTree = "<group>"; };
		4C69949715B353D400289161 /* MapKit.framework */ = {isa = PBXFileReference; includeInIndex = 1; lastKnownFileType = wrapper.framework; name = MapKit.framework; path = System/Library/Frameworks/MapKit.framework; sourceTree = SDKROOT; };
		4C9B33A01605253200E2901D /* EditModeDetailViewController.h */ = {isa = PBXFileReference; fileEncoding = 4; lastKnownFileType = sourcecode.c.h; path = EditModeDetailViewController.h; sourceTree = "<group>"; };
		4C9B33A11605253300E2901D /* EditModeDetailViewController.m */ = {isa = PBXFileReference; fileEncoding = 4; lastKnownFileType = sourcecode.c.objc; path = EditModeDetailViewController.m; sourceTree = "<group>"; };
		4C9B33A21605253300E2901D /* EditModeDetailViewController.xib */ = {isa = PBXFileReference; fileEncoding = 4; lastKnownFileType = file.xib; path = EditModeDetailViewController.xib; sourceTree = "<group>"; };
		4CA2727515F4082700EFD55F /* ProAnglerDataStore.h */ = {isa = PBXFileReference; fileEncoding = 4; lastKnownFileType = sourcecode.c.h; path = ProAnglerDataStore.h; sourceTree = "<group>"; };
		4CA2727615F4082700EFD55F /* ProAnglerDataStore.m */ = {isa = PBXFileReference; fileEncoding = 4; lastKnownFileType = sourcecode.c.objc; path = ProAnglerDataStore.m; sourceTree = "<group>"; };
		4CA939BE15D30248008F1A13 /* nav_bar_water_droplets@2x.png */ = {isa = PBXFileReference; lastKnownFileType = image.png; path = "nav_bar_water_droplets@2x.png"; sourceTree = "<group>"; };
		4CA939C515D392AD008F1A13 /* page_texture@2x.png */ = {isa = PBXFileReference; lastKnownFileType = image.png; path = "page_texture@2x.png"; sourceTree = "<group>"; };
		4CA939C715D39C21008F1A13 /* graph_paper@2x.png */ = {isa = PBXFileReference; lastKnownFileType = image.png; path = "graph_paper@2x.png"; sourceTree = "<group>"; };
		4CA939C915D39FF6008F1A13 /* wood_beam@2x.png */ = {isa = PBXFileReference; lastKnownFileType = image.png; path = "wood_beam@2x.png"; sourceTree = "<group>"; };
		4CF342DF160166D0009D22B6 /* FullSizeImagePageViewController.h */ = {isa = PBXFileReference; fileEncoding = 4; lastKnownFileType = sourcecode.c.h; path = FullSizeImagePageViewController.h; sourceTree = "<group>"; };
		4CF342E0160166D0009D22B6 /* FullSizeImagePageViewController.m */ = {isa = PBXFileReference; fileEncoding = 4; lastKnownFileType = sourcecode.c.objc; path = FullSizeImagePageViewController.m; sourceTree = "<group>"; };
		4CF342EA160294B5009D22B6 /* MobileCoreServices.framework */ = {isa = PBXFileReference; lastKnownFileType = wrapper.framework; name = MobileCoreServices.framework; path = System/Library/Frameworks/MobileCoreServices.framework; sourceTree = SDKROOT; };
		4CF342EC1602B5BB009D22B6 /* dark_wood_no_gradient@2x.jpg */ = {isa = PBXFileReference; lastKnownFileType = image.jpeg; path = "dark_wood_no_gradient@2x.jpg"; sourceTree = "<group>"; };
		4CF342F21603E607009D22B6 /* CatchCell.h */ = {isa = PBXFileReference; fileEncoding = 4; lastKnownFileType = sourcecode.c.h; path = CatchCell.h; sourceTree = "<group>"; };
		4CF342F31603E608009D22B6 /* CatchCell.m */ = {isa = PBXFileReference; fileEncoding = 4; lastKnownFileType = sourcecode.c.objc; path = CatchCell.m; sourceTree = "<group>"; };
		735EA41A7C8F4CC0B729A5A4 /* Pods.xcconfig */ = {isa = PBXFileReference; includeInIndex = 1; lastKnownFileType = text.xcconfig; name = Pods.xcconfig; path = Pods/Pods.xcconfig; sourceTree = SOURCE_ROOT; };
		972A7ACA77B54C0F9E03D218 /* libPods.a */ = {isa = PBXFileReference; explicitFileType = archive.ar; includeInIndex = 0; path = libPods.a; sourceTree = BUILT_PRODUCTS_DIR; };
/* End PBXFileReference section */

/* Begin PBXFrameworksBuildPhase section */
		273D0BD5152FB419009D054A /* Frameworks */ = {
			isa = PBXFrameworksBuildPhase;
			buildActionMask = 2147483647;
			files = (
				4CF342EB160294B5009D22B6 /* MobileCoreServices.framework in Frameworks */,
				4C11AEEB15FE9ED80088D55F /* Twitter.framework in Frameworks */,
				4C11AEE915FE9E8D0088D55F /* MessageUI.framework in Frameworks */,
				4C69949815B353D400289161 /* MapKit.framework in Frameworks */,
				279C520715A007CE00FAF2E9 /* QuartzCore.framework in Frameworks */,
				276B6F1A15928CDD00F84728 /* CoreLocation.framework in Frameworks */,
				273D0BDD152FB419009D054A /* UIKit.framework in Frameworks */,
				273D0BDF152FB419009D054A /* Foundation.framework in Frameworks */,
				273D0BE1152FB419009D054A /* CoreGraphics.framework in Frameworks */,
				273D0BE3152FB419009D054A /* CoreData.framework in Frameworks */,
				7F5225B40DB64F3F9D31B0F4 /* libPods.a in Frameworks */,
			);
			runOnlyForDeploymentPostprocessing = 0;
		};
/* End PBXFrameworksBuildPhase section */

/* Begin PBXGroup section */
		273D0BCD152FB419009D054A = {
			isa = PBXGroup;
			children = (
				273D0BE4152FB419009D054A /* ProAngler */,
				273D0BDB152FB419009D054A /* Frameworks */,
				273D0BD9152FB419009D054A /* Products */,
				735EA41A7C8F4CC0B729A5A4 /* Pods.xcconfig */,
			);
			sourceTree = "<group>";
		};
		273D0BD9152FB419009D054A /* Products */ = {
			isa = PBXGroup;
			children = (
				273D0BD8152FB419009D054A /* ProAngler.app */,
			);
			name = Products;
			sourceTree = "<group>";
		};
		273D0BDB152FB419009D054A /* Frameworks */ = {
			isa = PBXGroup;
			children = (
				4CF342EA160294B5009D22B6 /* MobileCoreServices.framework */,
				4C11AEEA15FE9ED80088D55F /* Twitter.framework */,
				4C11AEE815FE9E8D0088D55F /* MessageUI.framework */,
				4C69949715B353D400289161 /* MapKit.framework */,
				279C520615A007CE00FAF2E9 /* QuartzCore.framework */,
				276B6F1915928CDC00F84728 /* CoreLocation.framework */,
				273D0BDC152FB419009D054A /* UIKit.framework */,
				273D0BDE152FB419009D054A /* Foundation.framework */,
				273D0BE0152FB419009D054A /* CoreGraphics.framework */,
				273D0BE2152FB419009D054A /* CoreData.framework */,
				972A7ACA77B54C0F9E03D218 /* libPods.a */,
			);
			name = Frameworks;
			sourceTree = "<group>";
		};
		273D0BE4152FB419009D054A /* ProAngler */ = {
			isa = PBXGroup;
			children = (
				273D0BED152FB419009D054A /* AppDelegate.h */,
				273D0BEE152FB419009D054A /* AppDelegate.m */,
				273D0BF0152FB419009D054A /* MainStoryboard.storyboard */,
				4CF342E6160177F7009D22B6 /* Full Size Image Stuff */,
				4C286A8515E1EEA30079B47F /* New Catch */,
				4C286A8915E1EF350079B47F /* Album */,
				4C286A8C15E1EF9E0079B47F /* Wall Of Fame */,
				4C286A8D15E1F03F0079B47F /* Analysis */,
				4C286A8B15E1EF890079B47F /* Data Models */,
				4C286A8A15E1EF520079B47F /* Attribute Management */,
				4C286A8815E1EEF50079B47F /* Images */,
				273D0BE5152FB419009D054A /* Supporting Files */,
			);
			path = ProAngler;
			sourceTree = "<group>";
		};
		273D0BE5152FB419009D054A /* Supporting Files */ = {
			isa = PBXGroup;
			children = (
				273D0BE6152FB419009D054A /* ProAngler-Info.plist */,
				273D0BE7152FB419009D054A /* InfoPlist.strings */,
				273D0BEA152FB419009D054A /* main.m */,
				273D0BEC152FB419009D054A /* ProAngler-Prefix.pch */,
			);
			name = "Supporting Files";
			sourceTree = "<group>";
		};
		4C286A8515E1EEA30079B47F /* New Catch */ = {
			isa = PBXGroup;
			children = (
				2756DC1F15350BC8000FB98A /* NewCatchViewController.h */,
				2756DC2015350BC8000FB98A /* NewCatchViewController.m */,
			);
			name = "New Catch";
			sourceTree = "<group>";
		};
		4C286A8815E1EEF50079B47F /* Images */ = {
			isa = PBXGroup;
			children = (
				4C11AF1016007A4F0088D55F /* light_wood_tab_bar@2x.jpg */,
				4C11AEE615FDCBB60088D55F /* NureenHouseStock_0017.JPG */,
				4CF342EC1602B5BB009D22B6 /* dark_wood_no_gradient@2x.jpg */,
				4C11AEE415FDCBAA0088D55F /* NureenHouseStock_0016.JPG */,
				279C520815A1106E00FAF2E9 /* wood_texture.png */,
				4C11AF14160102D50088D55F /* light_wood_nav_bar@2x.jpg */,
				4C11AF0C16004B0E0088D55F /* dark_wood@2x.jpg */,
				4CA939C915D39FF6008F1A13 /* wood_beam@2x.png */,
				4CA939C515D392AD008F1A13 /* page_texture@2x.png */,
				4CA939C715D39C21008F1A13 /* graph_paper@2x.png */,
				4C11AF0E1600726C0088D55F /* twitter-bird-white-on-blue.png */,
				4CA939BE15D30248008F1A13 /* nav_bar_water_droplets@2x.png */,
				276B6F27159954C800F84728 /* wood_wall_texture.jpg */,
				276B6F29159954CD00F84728 /* wood_wall_texture@2x.jpg */,
				276B6F131592770200F84728 /* green.jpg */,
			);
			name = Images;
			sourceTree = "<group>";
		};
		4C286A8915E1EF350079B47F /* Album */ = {
			isa = PBXGroup;
			children = (
				273D0C381530D6BC009D054A /* AlbumViewController.h */,
				273D0C391530D6BC009D054A /* AlbumViewController.m */,
				4CF342F21603E607009D22B6 /* CatchCell.h */,
				4CF342F31603E608009D22B6 /* CatchCell.m */,
				276B6F3C159BA70100F84728 /* AlbumPageViewController.h */,
				276B6F3D159BA70100F84728 /* AlbumPageViewController.m */,
				279E6A641539368000D72111 /* AlbumSettingsViewController.h */,
				279E6A651539368000D72111 /* AlbumSettingsViewController.m */,
				276B6F3F159C28B500F84728 /* AlbumDetailViewController.h */,
				276B6F40159C28B500F84728 /* AlbumDetailViewController.m */,
				4C9B33A01605253200E2901D /* EditModeDetailViewController.h */,
				4C9B33A11605253300E2901D /* EditModeDetailViewController.m */,
				4C9B33A21605253300E2901D /* EditModeDetailViewController.xib */,
			);
			name = Album;
			sourceTree = "<group>";
		};
		4C286A8A15E1EF520079B47F /* Attribute Management */ = {
			isa = PBXGroup;
			children = (
				272AE2BE15AA687500F7A4DB /* SelectAttributesViewController.h */,
				272AE2BF15AA687500F7A4DB /* SelectAttributesViewController.m */,
				279C520D15A2CEF600FAF2E9 /* AddAttributeViewController.h */,
				279C520E15A2CEF700FAF2E9 /* AddAttributeViewController.m */,
			);
			name = "Attribute Management";
			sourceTree = "<group>";
		};
		4C286A8B15E1EF890079B47F /* Data Models */ = {
			isa = PBXGroup;
			children = (
				273D0BF3152FB419009D054A /* ProAngler.xcdatamodeld */,
				4CA2727515F4082700EFD55F /* ProAnglerDataStore.h */,
				4CA2727615F4082700EFD55F /* ProAnglerDataStore.m */,
				4C11AED415FD54940088D55F /* Venue.h */,
				4C11AED515FD54940088D55F /* Venue.m */,
				4C11AEE115FDA14A0088D55F /* Species.h */,
				4C11AEE215FDA14A0088D55F /* Species.m */,
				4C47C64415F5B9D00061621E /* Bait.h */,
				4C47C64515F5B9D00061621E /* Bait.m */,
				4C47C64D15F5B9E70061621E /* Structure.h */,
				4C47C64E15F5B9E70061621E /* Structure.m */,
				4C47C64115F5B7A50061621E /* Catch.h */,
				4C47C64215F5B7A50061621E /* Catch.m */,
				4C11AEEC15FEC53E0088D55F /* Photo.h */,
				4C11AEED15FEC53E0088D55F /* Photo.m */,
			);
			name = "Data Models";
			sourceTree = "<group>";
		};
		4C286A8C15E1EF9E0079B47F /* Wall Of Fame */ = {
			isa = PBXGroup;
			children = (
				276B6F2B1599558D00F84728 /* WallOfFameViewController.h */,
				276B6F2C1599558D00F84728 /* WallOfFameViewController.m */,
				4C11AEFB160003130088D55F /* PictureView.h */,
				4C11AEFC160003130088D55F /* PictureView.m */,
			);
			name = "Wall Of Fame";
			sourceTree = "<group>";
		};
		4C286A8D15E1F03F0079B47F /* Analysis */ = {
			isa = PBXGroup;
			children = (
				4C11AEBA15FBD6840088D55F /* AnalysisPagedViewController.h */,
				4C11AEBB15FBD6840088D55F /* AnalysisPagedViewController.m */,
				4C11AED915FD6B2D0088D55F /* PageOneMapViewController.h */,
				4C11AEDA15FD6B2D0088D55F /* PageOneMapViewController.m */,
				4C11AEDB15FD6B2D0088D55F /* PageOneMapViewController.xib */,
				4C11AEC215FC062B0088D55F /* PageTwoStatsViewController.h */,
				4C11AEC315FC062B0088D55F /* PageTwoStatsViewController.m */,
				4C11AEC415FC062B0088D55F /* PageTwoStatsViewController.xib */,
				272AE2BA15AA60DB00F7A4DB /* FilterViewController.h */,
				272AE2BB15AA60DB00F7A4DB /* FilterViewController.m */,
				4C6602F415FB36C9007F81E1 /* CatchPointAnnotation.h */,
				4C6602F515FB36CA007F81E1 /* CatchPointAnnotation.m */,
			);
			name = Analysis;
			sourceTree = "<group>";
		};
		4CF342E6160177F7009D22B6 /* Full Size Image Stuff */ = {
			isa = PBXGroup;
			children = (
				4CF342DF160166D0009D22B6 /* FullSizeImagePageViewController.h */,
				4CF342E0160166D0009D22B6 /* FullSizeImagePageViewController.m */,
				4C11AF1616014E070088D55F /* FullSizeImageViewController.h */,
				4C11AF1716014E080088D55F /* FullSizeImageViewController.m */,
			);
			name = "Full Size Image Stuff";
			sourceTree = "<group>";
		};
/* End PBXGroup section */

/* Begin PBXNativeTarget section */
		273D0BD7152FB419009D054A /* ProAngler */ = {
			isa = PBXNativeTarget;
			buildConfigurationList = 273D0BFE152FB41A009D054A /* Build configuration list for PBXNativeTarget "ProAngler" */;
			buildPhases = (
				273D0BD4152FB419009D054A /* Sources */,
				273D0BD5152FB419009D054A /* Frameworks */,
				273D0BD6152FB419009D054A /* Resources */,
				0522D772CAD640FA9DB7594B /* Copy Pods Resources */,
			);
			buildRules = (
			);
			dependencies = (
			);
			name = ProAngler;
			productName = ProAngler;
			productReference = 273D0BD8152FB419009D054A /* ProAngler.app */;
			productType = "com.apple.product-type.application";
		};
/* End PBXNativeTarget section */

/* Begin PBXProject section */
		273D0BCF152FB419009D054A /* Project object */ = {
			isa = PBXProject;
			attributes = {
				LastUpgradeCheck = 0430;
				ORGANIZATIONNAME = "Amherst College";
			};
			buildConfigurationList = 273D0BD2152FB419009D054A /* Build configuration list for PBXProject "ProAngler" */;
			compatibilityVersion = "Xcode 3.2";
			developmentRegion = English;
			hasScannedForEncodings = 0;
			knownRegions = (
				en,
			);
			mainGroup = 273D0BCD152FB419009D054A;
			productRefGroup = 273D0BD9152FB419009D054A /* Products */;
			projectDirPath = "";
			projectRoot = "";
			targets = (
				273D0BD7152FB419009D054A /* ProAngler */,
			);
		};
/* End PBXProject section */

/* Begin PBXResourcesBuildPhase section */
		273D0BD6152FB419009D054A /* Resources */ = {
			isa = PBXResourcesBuildPhase;
			buildActionMask = 2147483647;
			files = (
				273D0BE9152FB419009D054A /* InfoPlist.strings in Resources */,
				273D0BF2152FB419009D054A /* MainStoryboard.storyboard in Resources */,
				276B6F141592770200F84728 /* green.jpg in Resources */,
				276B6F28159954C800F84728 /* wood_wall_texture.jpg in Resources */,
				276B6F2A159954CD00F84728 /* wood_wall_texture@2x.jpg in Resources */,
				279C520915A1106E00FAF2E9 /* wood_texture.png in Resources */,
				4CA939BF15D30248008F1A13 /* nav_bar_water_droplets@2x.png in Resources */,
				4CA939C615D392AD008F1A13 /* page_texture@2x.png in Resources */,
				4CA939C815D39C21008F1A13 /* graph_paper@2x.png in Resources */,
				4CA939CA15D39FF6008F1A13 /* wood_beam@2x.png in Resources */,
				4C11AEC615FC062B0088D55F /* PageTwoStatsViewController.xib in Resources */,
				4C11AEDD15FD6B2D0088D55F /* PageOneMapViewController.xib in Resources */,
				4C11AEE515FDCBAA0088D55F /* NureenHouseStock_0016.JPG in Resources */,
				4C11AEE715FDCBB60088D55F /* NureenHouseStock_0017.JPG in Resources */,
				4C11AF0D16004B0E0088D55F /* dark_wood@2x.jpg in Resources */,
				4C11AF0F1600726D0088D55F /* twitter-bird-white-on-blue.png in Resources */,
				4C11AF1116007A4F0088D55F /* light_wood_tab_bar@2x.jpg in Resources */,
				4C11AF15160102D60088D55F /* light_wood_nav_bar@2x.jpg in Resources */,
				4CF342ED1602B5BB009D22B6 /* dark_wood_no_gradient@2x.jpg in Resources */,
				4C9B33A41605253300E2901D /* EditModeDetailViewController.xib in Resources */,
			);
			runOnlyForDeploymentPostprocessing = 0;
		};
/* End PBXResourcesBuildPhase section */

/* Begin PBXShellScriptBuildPhase section */
		0522D772CAD640FA9DB7594B /* Copy Pods Resources */ = {
			isa = PBXShellScriptBuildPhase;
			buildActionMask = 2147483647;
			files = (
			);
			inputPaths = (
			);
			name = "Copy Pods Resources";
			outputPaths = (
			);
			runOnlyForDeploymentPostprocessing = 0;
			shellPath = /bin/sh;
			shellScript = "\"${SRCROOT}/Pods/Pods-resources.sh\"\n";
		};
/* End PBXShellScriptBuildPhase section */

/* Begin PBXSourcesBuildPhase section */
		273D0BD4152FB419009D054A /* Sources */ = {
			isa = PBXSourcesBuildPhase;
			buildActionMask = 2147483647;
			files = (
				273D0BEB152FB419009D054A /* main.m in Sources */,
				273D0BEF152FB419009D054A /* AppDelegate.m in Sources */,
				273D0BF5152FB419009D054A /* ProAngler.xcdatamodeld in Sources */,
				273D0C3A1530D6BC009D054A /* AlbumViewController.m in Sources */,
				2756DC2115350BC8000FB98A /* NewCatchViewController.m in Sources */,
				279E6A661539368000D72111 /* AlbumSettingsViewController.m in Sources */,
				276B6F2D1599559000F84728 /* WallOfFameViewController.m in Sources */,
				276B6F3E159BA70200F84728 /* AlbumPageViewController.m in Sources */,
				276B6F41159C28B600F84728 /* AlbumDetailViewController.m in Sources */,
				279C520F15A2CEF700FAF2E9 /* AddAttributeViewController.m in Sources */,
				272AE2BC15AA60DB00F7A4DB /* FilterViewController.m in Sources */,
				272AE2C015AA687500F7A4DB /* SelectAttributesViewController.m in Sources */,
				4CA2727715F4082700EFD55F /* ProAnglerDataStore.m in Sources */,
				4C47C64315F5B7A50061621E /* Catch.m in Sources */,
				4C47C64615F5B9D00061621E /* Bait.m in Sources */,
				4C47C64F15F5B9E70061621E /* Structure.m in Sources */,
				4C6602F615FB36CA007F81E1 /* CatchPointAnnotation.m in Sources */,
				4C11AEBC15FBD6840088D55F /* AnalysisPagedViewController.m in Sources */,
				4C11AEC515FC062B0088D55F /* PageTwoStatsViewController.m in Sources */,
				4C11AED615FD54940088D55F /* Venue.m in Sources */,
				4C11AEDC15FD6B2D0088D55F /* PageOneMapViewController.m in Sources */,
				4C11AEE315FDA14A0088D55F /* Species.m in Sources */,
				4C11AEEE15FEC53E0088D55F /* Photo.m in Sources */,
				4C11AEFD160003130088D55F /* PictureView.m in Sources */,
				4C11AF1816014E080088D55F /* FullSizeImageViewController.m in Sources */,
				4CF342E1160166D0009D22B6 /* FullSizeImagePageViewController.m in Sources */,
				4CF342F41603E608009D22B6 /* CatchCell.m in Sources */,
				4C9B33A31605253300E2901D /* EditModeDetailViewController.m in Sources */,
			);
			runOnlyForDeploymentPostprocessing = 0;
		};
/* End PBXSourcesBuildPhase section */

/* Begin PBXVariantGroup section */
		273D0BE7152FB419009D054A /* InfoPlist.strings */ = {
			isa = PBXVariantGroup;
			children = (
				273D0BE8152FB419009D054A /* en */,
			);
			name = InfoPlist.strings;
			sourceTree = "<group>";
		};
		273D0BF0152FB419009D054A /* MainStoryboard.storyboard */ = {
			isa = PBXVariantGroup;
			children = (
				273D0BF1152FB419009D054A /* en */,
			);
			name = MainStoryboard.storyboard;
			sourceTree = "<group>";
		};
/* End PBXVariantGroup section */

/* Begin XCBuildConfiguration section */
		273D0BFC152FB419009D054A /* Debug */ = {
			isa = XCBuildConfiguration;
			buildSettings = {
				ALWAYS_SEARCH_USER_PATHS = NO;
				ARCHS = "$(ARCHS_STANDARD_32_BIT)";
				CLANG_ENABLE_OBJC_ARC = YES;
				"CODE_SIGN_IDENTITY[sdk=iphoneos*]" = "iPhone Developer";
				COPY_PHASE_STRIP = NO;
				GCC_C_LANGUAGE_STANDARD = gnu99;
				GCC_DYNAMIC_NO_PIC = NO;
				GCC_OPTIMIZATION_LEVEL = 0;
				GCC_PREPROCESSOR_DEFINITIONS = (
					"DEBUG=1",
					"$(inherited)",
				);
				GCC_SYMBOLS_PRIVATE_EXTERN = NO;
				GCC_VERSION = com.apple.compilers.llvm.clang.1_0;
				GCC_WARN_ABOUT_RETURN_TYPE = YES;
				GCC_WARN_UNINITIALIZED_AUTOS = YES;
				GCC_WARN_UNUSED_VARIABLE = YES;
				IPHONEOS_DEPLOYMENT_TARGET = 5.0;
				SDKROOT = iphoneos;
			};
			name = Debug;
		};
		273D0BFD152FB419009D054A /* Release */ = {
			isa = XCBuildConfiguration;
			buildSettings = {
				ALWAYS_SEARCH_USER_PATHS = NO;
				ARCHS = "$(ARCHS_STANDARD_32_BIT)";
				CLANG_ENABLE_OBJC_ARC = YES;
				"CODE_SIGN_IDENTITY[sdk=iphoneos*]" = "iPhone Developer";
				COPY_PHASE_STRIP = YES;
				GCC_C_LANGUAGE_STANDARD = gnu99;
				GCC_VERSION = com.apple.compilers.llvm.clang.1_0;
				GCC_WARN_ABOUT_RETURN_TYPE = YES;
				GCC_WARN_UNINITIALIZED_AUTOS = YES;
				GCC_WARN_UNUSED_VARIABLE = YES;
				IPHONEOS_DEPLOYMENT_TARGET = 5.0;
				OTHER_CFLAGS = "-DNS_BLOCK_ASSERTIONS=1";
				SDKROOT = iphoneos;
				VALIDATE_PRODUCT = YES;
			};
			name = Release;
		};
		273D0BFF152FB41A009D054A /* Debug */ = {
			isa = XCBuildConfiguration;
			baseConfigurationReference = 735EA41A7C8F4CC0B729A5A4 /* Pods.xcconfig */;
			buildSettings = {
				GCC_PRECOMPILE_PREFIX_HEADER = YES;
				GCC_PREFIX_HEADER = "ProAngler/ProAngler-Prefix.pch";
				INFOPLIST_FILE = "ProAngler/ProAngler-Info.plist";
				PRODUCT_NAME = "$(TARGET_NAME)";
				WRAPPER_EXTENSION = app;
			};
			name = Debug;
		};
		273D0C00152FB41A009D054A /* Release */ = {
			isa = XCBuildConfiguration;
			baseConfigurationReference = 735EA41A7C8F4CC0B729A5A4 /* Pods.xcconfig */;
			buildSettings = {
				GCC_PRECOMPILE_PREFIX_HEADER = YES;
				GCC_PREFIX_HEADER = "ProAngler/ProAngler-Prefix.pch";
				INFOPLIST_FILE = "ProAngler/ProAngler-Info.plist";
				PRODUCT_NAME = "$(TARGET_NAME)";
				WRAPPER_EXTENSION = app;
			};
			name = Release;
		};
/* End XCBuildConfiguration section */

/* Begin XCConfigurationList section */
		273D0BD2152FB419009D054A /* Build configuration list for PBXProject "ProAngler" */ = {
			isa = XCConfigurationList;
			buildConfigurations = (
				273D0BFC152FB419009D054A /* Debug */,
				273D0BFD152FB419009D054A /* Release */,
			);
			defaultConfigurationIsVisible = 0;
			defaultConfigurationName = Release;
		};
		273D0BFE152FB41A009D054A /* Build configuration list for PBXNativeTarget "ProAngler" */ = {
			isa = XCConfigurationList;
			buildConfigurations = (
				273D0BFF152FB41A009D054A /* Debug */,
				273D0C00152FB41A009D054A /* Release */,
			);
			defaultConfigurationIsVisible = 0;
			defaultConfigurationName = Release;
		};
/* End XCConfigurationList section */

/* Begin XCVersionGroup section */
		273D0BF3152FB419009D054A /* ProAngler.xcdatamodeld */ = {
			isa = XCVersionGroup;
			children = (
				273D0BF4152FB419009D054A /* ProAngler.xcdatamodel */,
			);
			currentVersion = 273D0BF4152FB419009D054A /* ProAngler.xcdatamodel */;
			path = ProAngler.xcdatamodeld;
			sourceTree = "<group>";
			versionGroupType = wrapper.xcdatamodel;
		};
/* End XCVersionGroup section */
	};
	rootObject = 273D0BCF152FB419009D054A /* Project object */;
}
